Microsoft Visual Studio Solution File, Format Version 11.00
# Visual Studio 2008

Project("{31C1F5BC-2657-8F85-C2EF-7F9321852166}") = "3dPong", "Assembly-CSharp.csproj", "{C74838C5-43A7-6492-60E8-8333029DA592}"
EndProject
Global
	GlobalSection(SolutionConfigurationPlatforms) = preSolution
		Debug|Any CPU = Debug|Any CPU
		Release|Any CPU = Release|Any CPU
	EndGlobalSection
	GlobalSection(ProjectConfigurationPlatforms) = postSolution
		{C74838C5-43A7-6492-60E8-8333029DA592}.Debug|Any CPU.ActiveCfg = Debug|Any CPU
		{C74838C5-43A7-6492-60E8-8333029DA592}.Debug|Any CPU.Build.0 = Debug|Any CPU
		{C74838C5-43A7-6492-60E8-8333029DA592}.Release|Any CPU.ActiveCfg = Release|Any CPU
		{C74838C5-43A7-6492-60E8-8333029DA592}.Release|Any CPU.Build.0 = Release|Any CPU
	EndGlobalSection
	GlobalSection(SolutionProperties) = preSolution
		HideSolutionNode = FALSE
	EndGlobalSection
	GlobalSection(MonoDevelopProperties) = preSolution
		StartupItem = Assembly-CSharp.csproj
	EndGlobalSection
EndGlobal
